
Microsoft Visual Studio Solution File, Format Version 12.00
# Visual Studio Version 16
VisualStudioVersion = 16.0.32413.511
MinimumVisualStudioVersion = 10.0.40219.1
Project("{FAE04EC0-301F-11D3-BF4B-00C04F79EFBC}") = "SQLEx1", "SQLEx1\SQLEx1.csproj", "{CE6AF27E-A6E5-49F8-9721-CDE35A0D22AA}"
EndProject
Global
	GlobalSection(SolutionConfigurationPlatforms) = preSolution
		Debug|Any CPU = Debug|Any CPU
		Release|Any CPU = Release|Any CPU
	EndGlobalSection
	GlobalSection(ProjectConfigurationPlatforms) = postSolution
		{CE6AF27E-A6E5-49F8-9721-CDE35A0D22AA}.Debug|Any CPU.ActiveCfg = Debug|Any CPU
		{CE6AF27E-A6E5-49F8-9721-CDE35A0D22AA}.Debug|Any CPU.Build.0 = Debug|Any CPU
		{CE6AF27E-A6E5-49F8-9721-CDE35A0D22AA}.Release|Any CPU.ActiveCfg = Release|Any CPU
		{CE6AF27E-A6E5-49F8-9721-CDE35A0D22AA}.Release|Any CPU.Build.0 = Release|Any CPU
	EndGlobalSection
	GlobalSection(SolutionProperties) = preSolution
		HideSolutionNode = FALSE
	EndGlobalSection
	GlobalSection(ExtensibilityGlobals) = postSolution
		SolutionGuid = {4E0AE6E0-3C2A-47E3-AE2C-3C0428AA8B81}
	EndGlobalSection
EndGlobal
